Microsoft Visual Studio Solution File, Format Version 12.00
# Visual Studio 15
VisualStudioVersion = 15.0.26124.0
MinimumVisualStudioVersion = 15.0.26124.0
Project("{9A19103F-16F7-4668-BE54-9A1E7A4F7556}") = "PrimeService", "PrimeService\PrimeService.csproj", "{720121D6-F772-43CA-B2A4-68A4A98AA65F}"
EndProject
Project("{9A19103F-16F7-4668-BE54-9A1E7A4F7556}") = "PrimeService.Tests", "PrimeService.Tests\PrimeService.Tests.csproj", "{CA6BBA3D-07A3-497E-BFC2-E00803D05FCA}"
EndProject
Global
	GlobalSection(SolutionConfigurationPlatforms) = preSolution
		Debug|Any CPU = Debug|Any CPU
		Debug|x64 = Debug|x64
		Debug|x86 = Debug|x86
		Release|Any CPU = Release|Any CPU
		Release|x64 = Release|x64
		Release|x86 = Release|x86
	EndGlobalSection
	GlobalSection(ProjectConfigurationPlatforms) = postSolution
		{720121D6-F772-43CA-B2A4-68A4A98AA65F}.Debug|Any CPU.ActiveCfg = Debug|Any CPU
		{720121D6-F772-43CA-B2A4-68A4A98AA65F}.Debug|Any CPU.Build.0 = Debug|Any CPU
		{720121D6-F772-43CA-B2A4-68A4A98AA65F}.Debug|x64.ActiveCfg = Debug|Any CPU
		{720121D6-F772-43CA-B2A4-68A4A98AA65F}.Debug|x64.Build.0 = Debug|Any CPU
		{720121D6-F772-43CA-B2A4-68A4A98AA65F}.Debug|x86.ActiveCfg = Debug|Any CPU
		{720121D6-F772-43CA-B2A4-68A4A98AA65F}.Debug|x86.Build.0 = Debug|Any CPU
		{720121D6-F772-43CA-B2A4-68A4A98AA65F}.Release|Any CPU.ActiveCfg = Release|Any CPU
		{720121D6-F772-43CA-B2A4-68A4A98AA65F}.Release|Any CPU.Build.0 = Release|Any CPU
		{720121D6-F772-43CA-B2A4-68A4A98AA65F}.Release|x64.ActiveCfg = Release|Any CPU
		{720121D6-F772-43CA-B2A4-68A4A98AA65F}.Release|x64.Build.0 = Release|Any CPU
		{720121D6-F772-43CA-B2A4-68A4A98AA65F}.Release|x86.ActiveCfg = Release|Any CPU
		{720121D6-F772-43CA-B2A4-68A4A98AA65F}.Release|x86.Build.0 = Release|Any CPU
		{CA6BBA3D-07A3-497E-BFC2-E00803D05FCA}.Debug|Any CPU.ActiveCfg = Debug|Any CPU
		{CA6BBA3D-07A3-497E-BFC2-E00803D05FCA}.Debug|Any CPU.Build.0 = Debug|Any CPU
		{CA6BBA3D-07A3-497E-BFC2-E00803D05FCA}.Debug|x64.ActiveCfg = Debug|Any CPU
		{CA6BBA3D-07A3-497E-BFC2-E00803D05FCA}.Debug|x64.Build.0 = Debug|Any CPU
		{CA6BBA3D-07A3-497E-BFC2-E00803D05FCA}.Debug|x86.ActiveCfg = Debug|Any CPU
		{CA6BBA3D-07A3-497E-BFC2-E00803D05FCA}.Debug|x86.Build.0 = Debug|Any CPU
		{CA6BBA3D-07A3-497E-BFC2-E00803D05FCA}.Release|Any CPU.ActiveCfg = Release|Any CPU
		{CA6BBA3D-07A3-497E-BFC2-E00803D05FCA}.Release|Any CPU.Build.0 = Release|Any CPU
		{CA6BBA3D-07A3-497E-BFC2-E00803D05FCA}.Release|x64.ActiveCfg = Release|Any CPU
		{CA6BBA3D-07A3-497E-BFC2-E00803D05FCA}.Release|x64.Build.0 = Release|Any CPU
		{CA6BBA3D-07A3-497E-BFC2-E00803D05FCA}.Release|x86.ActiveCfg = Release|Any CPU
		{CA6BBA3D-07A3-497E-BFC2-E00803D05FCA}.Release|x86.Build.0 = Release|Any CPU
	EndGlobalSection
	GlobalSection(SolutionProperties) = preSolution
		HideSolutionNode = FALSE
	EndGlobalSection
	GlobalSection(ExtensibilityGlobals) = postSolution
		SolutionGuid = {9648FA08-01ED-4F93-B6C1-D88AB364A543}
	EndGlobalSection
EndGlobal
